<Solution>
  <Project Path="LEDDigitalClock.Android/LEDDigitalClock.Android.csproj">
    <Deploy />
  </Project>
  <Project Path="LEDDigitalClock.Browser/LEDDigitalClock.Browser.csproj" />
  <Project Path="LEDDigitalClock.Desktop/LEDDigitalClock.Desktop.csproj" />
  <Project Path="LEDDigitalClock.iOS/LEDDigitalClock.iOS.csproj">
    <Deploy />
  </Project>
  <Project Path="LEDDigitalClock/LEDDigitalClock.csproj" />
</Solution>
